# THIS IS AN AUTOGENERATED FILE. DO NOT EDIT THIS FILE DIRECTLY.
# yarn lockfile v1


"@ant-design/colors@^7.0.0", "@ant-design/colors@^7.1.0":
  version "7.1.0"
  resolved "https://registry.npmjs.org/@ant-design/colors/-/colors-7.1.0.tgz"
  integrity sha512-MMoDGWn1y9LdQJQSHiCC20x3uZ3CwQnv9QMz6pCmJOrqdgM9YxsoVVY0wtrdXbmfSgnV0KNk6zi09NAhMR2jvg==
  dependencies:
    "@ctrl/tinycolor" "^3.6.1"

"@ant-design/cssinjs-utils@^1.0.3":
  version "1.1.0"
  resolved "https://registry.npmjs.org/@ant-design/cssinjs-utils/-/cssinjs-utils-1.1.0.tgz"
  integrity sha512-E9nOWObXx7Dy7hdyuYlOFaer/LtPO7oyZVxZphh0CYEslr5EmhJPM3WI0Q2RBHRtYg6dSNqeSK73kvZjPN3IMQ==
  dependencies:
    "@ant-design/cssinjs" "^1.21.0"
    "@babel/runtime" "^7.23.2"
    rc-util "^5.38.0"

"@ant-design/cssinjs@^1.21.0":
  version "1.21.1"
  resolved "https://registry.npmjs.org/@ant-design/cssinjs/-/cssinjs-1.21.1.tgz"
  integrity sha512-tyWnlK+XH7Bumd0byfbCiZNK43HEubMoCcu9VxwsAwiHdHTgWa+tMN0/yvxa+e8EzuFP1WdUNNPclRpVtD33lg==
  dependencies:
    "@babel/runtime" "^7.11.1"
    "@emotion/hash" "^0.8.0"
    "@emotion/unitless" "^0.7.5"
    classnames "^2.3.1"
    csstype "^3.1.3"
    rc-util "^5.35.0"
    stylis "^4.3.3"

"@ant-design/fast-color@^2.0.6":
  version "2.0.6"
  resolved "https://registry.npmjs.org/@ant-design/fast-color/-/fast-color-2.0.6.tgz"
  integrity sha512-y2217gk4NqL35giHl72o6Zzqji9O7vHh9YmhUVkPtAOpoTCH4uWxo/pr4VE8t0+ChEPs0qo4eJRC5Q1eXWo3vA==
  dependencies:
    "@babel/runtime" "^7.24.7"

"@ant-design/icons-svg@^4.4.0":
  version "4.4.2"
  resolved "https://registry.npmjs.org/@ant-design/icons-svg/-/icons-svg-4.4.2.tgz"
  integrity sha512-vHbT+zJEVzllwP+CM+ul7reTEfBR0vgxFe7+lREAsAA7YGsYpboiq2sQNeQeRvh09GfQgs/GyFEvZpJ9cLXpXA==

"@ant-design/icons@^5.4.0":
  version "5.5.0"
  resolved "https://registry.npmjs.org/@ant-design/icons/-/icons-5.5.0.tgz"
  integrity sha512-ZaVpZ6TZWuLZsrgaTzk6QNUIZabXD44E8Mxc08+mUr5jL6TBNr2boqfheyrGu1k29U0xEAQ/J6ubPs2b9FeTKQ==
  dependencies:
    "@ant-design/colors" "^7.0.0"
    "@ant-design/icons-svg" "^4.4.0"
    "@babel/runtime" "^7.24.8"
    classnames "^2.2.6"
    rc-util "^5.31.1"

"@ant-design/react-slick@~1.1.2":
  version "1.1.2"
  resolved "https://registry.npmjs.org/@ant-design/react-slick/-/react-slick-1.1.2.tgz"
  integrity sha512-EzlvzE6xQUBrZuuhSAFTdsr4P2bBBHGZwKFemEfq8gIGyIQCxalYfZW/T2ORbtQx5rU69o+WycP3exY/7T1hGA==
  dependencies:
    "@babel/runtime" "^7.10.4"
    classnames "^2.2.5"
    json2mq "^0.2.0"
    resize-observer-polyfill "^1.5.1"
    throttle-debounce "^5.0.0"

"@babel/runtime@^7.10.1", "@babel/runtime@^7.10.4", "@babel/runtime@^7.11.1", "@babel/runtime@^7.11.2", "@babel/runtime@^7.12.5", "@babel/runtime@^7.16.7", "@babel/runtime@^7.18.0", "@babel/runtime@^7.18.3", "@babel/runtime@^7.20.0", "@babel/runtime@^7.20.7", "@babel/runtime@^7.21.0", "@babel/runtime@^7.22.5", "@babel/runtime@^7.23.2", "@babel/runtime@^7.23.6", "@babel/runtime@^7.23.9", "@babel/runtime@^7.24.4", "@babel/runtime@^7.24.7", "@babel/runtime@^7.24.8":
  version "7.25.6"
  resolved "https://registry.npmjs.org/@babel/runtime/-/runtime-7.25.6.tgz"
  integrity sha512-VBj9MYyDb9tuLq7yzqjgzt6Q+IBQLrGZfdjOekyEirZPHxXWoTSGUTMrpsfi58Up73d13NfYLv8HT9vmznjzhQ==
  dependencies:
    regenerator-runtime "^0.14.0"

"@ctrl/tinycolor@^3.6.1":
  version "3.6.1"
  resolved "https://registry.npmjs.org/@ctrl/tinycolor/-/tinycolor-3.6.1.tgz"
  integrity sha512-SITSV6aIXsuVNV3f3O0f2n/cgyEDWoSqtZMYiAmcsYHydcKrOz3gUxB/iXd/Qf08+IZX4KpgNbvUdMBmWz+kcA==

"@emotion/hash@^0.8.0":
  version "0.8.0"
  resolved "https://registry.npmjs.org/@emotion/hash/-/hash-0.8.0.tgz"
  integrity sha512-kBJtf7PH6aWwZ6fka3zQ0p6SBYzx4fl1LoZXE2RrnYST9Xljm7WfKJrU4g/Xr3Beg72MLrp1AWNUmuYJTL7Cow==

"@emotion/unitless@^0.7.5":
  version "0.7.5"
  resolved "https://registry.npmjs.org/@emotion/unitless/-/unitless-0.7.5.tgz"
  integrity sha512-OWORNpfjMsSSUBVrRBVGECkhWcULOAJz9ZW8uK9qgxD+87M7jHRcvh/A96XXNhXTLmKcoYSQtBEX7lHMO7YRwg==

"@esbuild/darwin-arm64@0.21.5":
  version "0.21.5"
  resolved "https://registry.npmjs.org/@esbuild/darwin-arm64/-/darwin-arm64-0.21.5.tgz"
  integrity sha512-DwqXqZyuk5AiWWf3UfLiRDJ5EDd49zg6O9wclZ7kUMv2WRFr4HKjXp/5t8JZ11QbQfUS6/cRCKGwYhtNAY88kQ==

"@rc-component/async-validator@^5.0.3":
  version "5.0.4"
  resolved "https://registry.npmjs.org/@rc-component/async-validator/-/async-validator-5.0.4.tgz"
  integrity sha512-qgGdcVIF604M9EqjNF0hbUTz42bz/RDtxWdWuU5EQe3hi7M8ob54B6B35rOsvX5eSvIHIzT9iH1R3n+hk3CGfg==
  dependencies:
    "@babel/runtime" "^7.24.4"

"@rc-component/color-picker@~2.0.1":
  version "2.0.1"
  resolved "https://registry.npmjs.org/@rc-component/color-picker/-/color-picker-2.0.1.tgz"
  integrity sha512-WcZYwAThV/b2GISQ8F+7650r5ZZJ043E57aVBFkQ+kSY4C6wdofXgB0hBx+GPGpIU0Z81eETNoDUJMr7oy/P8Q==
  dependencies:
    "@ant-design/fast-color" "^2.0.6"
    "@babel/runtime" "^7.23.6"
    classnames "^2.2.6"
    rc-util "^5.38.1"

"@rc-component/context@^1.4.0":
  version "1.4.0"
  resolved "https://registry.npmjs.org/@rc-component/context/-/context-1.4.0.tgz"
  integrity sha512-kFcNxg9oLRMoL3qki0OMxK+7g5mypjgaaJp/pkOis/6rVxma9nJBF/8kCIuTYHUQNr0ii7MxqE33wirPZLJQ2w==
  dependencies:
    "@babel/runtime" "^7.10.1"
    rc-util "^5.27.0"

"@rc-component/mini-decimal@^1.0.1":
  version "1.1.0"
  resolved "https://registry.npmjs.org/@rc-component/mini-decimal/-/mini-decimal-1.1.0.tgz"
  integrity sha512-jS4E7T9Li2GuYwI6PyiVXmxTiM6b07rlD9Ge8uGZSCz3WlzcG5ZK7g5bbuKNeZ9pgUuPK/5guV781ujdVpm4HQ==
  dependencies:
    "@babel/runtime" "^7.18.0"

"@rc-component/mutate-observer@^1.1.0":
  version "1.1.0"
  resolved "https://registry.npmjs.org/@rc-component/mutate-observer/-/mutate-observer-1.1.0.tgz"
  integrity sha512-QjrOsDXQusNwGZPf4/qRQasg7UFEj06XiCJ8iuiq/Io7CrHrgVi6Uuetw60WAMG1799v+aM8kyc+1L/GBbHSlw==
  dependencies:
    "@babel/runtime" "^7.18.0"
    classnames "^2.3.2"
    rc-util "^5.24.4"

"@rc-component/portal@^1.0.0-8", "@rc-component/portal@^1.0.0-9", "@rc-component/portal@^1.0.2", "@rc-component/portal@^1.1.0", "@rc-component/portal@^1.1.1":
  version "1.1.2"
  resolved "https://registry.npmjs.org/@rc-component/portal/-/portal-1.1.2.tgz"
  integrity sha512-6f813C0IsasTZms08kfA8kPAGxbbkYToa8ALaiDIGGECU4i9hj8Plgbx0sNJDrey3EtHO30hmdaxtT0138xZcg==
  dependencies:
    "@babel/runtime" "^7.18.0"
    classnames "^2.3.2"
    rc-util "^5.24.4"

"@rc-component/qrcode@~1.0.0":
  version "1.0.0"
  resolved "https://registry.npmjs.org/@rc-component/qrcode/-/qrcode-1.0.0.tgz"
  integrity sha512-L+rZ4HXP2sJ1gHMGHjsg9jlYBX/SLN2D6OxP9Zn3qgtpMWtO2vUfxVFwiogHpAIqs54FnALxraUy/BCO1yRIgg==
  dependencies:
    "@babel/runtime" "^7.24.7"
    classnames "^2.3.2"
    rc-util "^5.38.0"

"@rc-component/tour@~1.15.1":
  version "1.15.1"
  resolved "https://registry.npmjs.org/@rc-component/tour/-/tour-1.15.1.tgz"
  integrity sha512-Tr2t7J1DKZUpfJuDZWHxyxWpfmj8EZrqSgyMZ+BCdvKZ6r1UDsfU46M/iWAAFBy961Ssfom2kv5f3UcjIL2CmQ==
  dependencies:
    "@babel/runtime" "^7.18.0"
    "@rc-component/portal" "^1.0.0-9"
    "@rc-component/trigger" "^2.0.0"
    classnames "^2.3.2"
    rc-util "^5.24.4"

"@rc-component/trigger@^2.0.0", "@rc-component/trigger@^2.1.1", "@rc-component/trigger@^2.2.2":
  version "2.2.3"
  resolved "https://registry.npmjs.org/@rc-component/trigger/-/trigger-2.2.3.tgz"
  integrity sha512-X1oFIpKoXAMXNDYCviOmTfuNuYxE4h5laBsyCqVAVMjNHxoF3/uiyA7XdegK1XbCvBbCZ6P6byWrEoDRpKL8+A==
  dependencies:
    "@babel/runtime" "^7.23.2"
    "@rc-component/portal" "^1.1.0"
    classnames "^2.3.2"
    rc-motion "^2.0.0"
    rc-resize-observer "^1.3.1"
    rc-util "^5.38.0"

"@rollup/rollup-darwin-arm64@4.30.1":
  version "4.30.1"
  resolved "https://registry.npmjs.org/@rollup/rollup-darwin-arm64/-/rollup-darwin-arm64-4.30.1.tgz"
  integrity sha512-r7FQIXD7gB0WJ5mokTUgUWPl0eYIH0wnxqeSAhuIwvnnpjdVB8cRRClyKLQr7lgzjctkbp5KmswWszlwYln03Q==

"@sentry-internal/browser-utils@8.30.0":
  version "8.30.0"
  resolved "https://registry.npmjs.org/@sentry-internal/browser-utils/-/browser-utils-8.30.0.tgz"
  integrity sha512-pwX+awNWaxSOAsBLVLqc1+Hw+Fm1Nci9mbKFA6Ed5YzCG049PnBVQwugpmx2dcyyCqJpORhcIqb9jHdCkYmCiA==
  dependencies:
    "@sentry/core" "8.30.0"
    "@sentry/types" "8.30.0"
    "@sentry/utils" "8.30.0"

"@sentry-internal/feedback@8.30.0":
  version "8.30.0"
  resolved "https://registry.npmjs.org/@sentry-internal/feedback/-/feedback-8.30.0.tgz"
  integrity sha512-ParFRxQY6helxkwUDmro77Wc5uSIC6rZos88jYMrYwFmoTJaNWf4lDzPyECfdSiSYyzSMZk4dorSUN85Ul7DCg==
  dependencies:
    "@sentry/core" "8.30.0"
    "@sentry/types" "8.30.0"
    "@sentry/utils" "8.30.0"

"@sentry-internal/replay-canvas@8.30.0":
  version "8.30.0"
  resolved "https://registry.npmjs.org/@sentry-internal/replay-canvas/-/replay-canvas-8.30.0.tgz"
  integrity sha512-y/QqcvchhtMlVA6eOZicIfTxtZarazQZJuFW0018ynPxBTiuuWSxMCLqduulXUYsFejfD8/eKHb3BpCIFdDYjg==
  dependencies:
    "@sentry-internal/replay" "8.30.0"
    "@sentry/core" "8.30.0"
    "@sentry/types" "8.30.0"
    "@sentry/utils" "8.30.0"

"@sentry-internal/replay@8.30.0":
  version "8.30.0"
  resolved "https://registry.npmjs.org/@sentry-internal/replay/-/replay-8.30.0.tgz"
  integrity sha512-/KFre+BrovPCiovgAu5N1ErJtkDVzkJA5hV3Jw011AlxRWxrmPwu6+9sV9/rn3tqYAGyq6IggYqeIOHhLh1Ihg==
  dependencies:
    "@sentry-internal/browser-utils" "8.30.0"
    "@sentry/core" "8.30.0"
    "@sentry/types" "8.30.0"
    "@sentry/utils" "8.30.0"

"@sentry/browser@8.30.0":
  version "8.30.0"
  resolved "https://registry.npmjs.org/@sentry/browser/-/browser-8.30.0.tgz"
  integrity sha512-M+tKqawH9S3CqlAIcqdZcHbcsNQkEa9MrPqPCYvXco3C4LRpNizJP2XwBiGQY2yK+fOSvbaWpPtlI938/wuRZQ==
  dependencies:
    "@sentry-internal/browser-utils" "8.30.0"
    "@sentry-internal/feedback" "8.30.0"
    "@sentry-internal/replay" "8.30.0"
    "@sentry-internal/replay-canvas" "8.30.0"
    "@sentry/core" "8.30.0"
    "@sentry/types" "8.30.0"
    "@sentry/utils" "8.30.0"

"@sentry/core@8.30.0":
  version "8.30.0"
  resolved "https://registry.npmjs.org/@sentry/core/-/core-8.30.0.tgz"
  integrity sha512-CJ/FuWLw0QEKGKXGL/nm9eaOdajEcmPekLuHAuOCxID7N07R9l9laz3vFbAkUZ97GGDv3sYrJZgywfY3Moropg==
  dependencies:
    "@sentry/types" "8.30.0"
    "@sentry/utils" "8.30.0"

"@sentry/react@^8.30.0":
  version "8.30.0"
  resolved "https://registry.npmjs.org/@sentry/react/-/react-8.30.0.tgz"
  integrity sha512-ktQjXs87jdsxW0YrHci3sb6zcSzhMECWnrTVU/KGZF8UoDsk4P4xRCknijd2SSmDIjSkwzUAANR43UkCi4BTQg==
  dependencies:
    "@sentry/browser" "8.30.0"
    "@sentry/core" "8.30.0"
    "@sentry/types" "8.30.0"
    "@sentry/utils" "8.30.0"
    hoist-non-react-statics "^3.3.2"

"@sentry/types@8.30.0":
  version "8.30.0"
  resolved "https://registry.npmjs.org/@sentry/types/-/types-8.30.0.tgz"
  integrity sha512-kgWW2BCjBmVlSQRG32GonHEVyeDbys74xf9mLPvynwHTgw3+NUlNAlEdu05xnb2ow4bCTHfbkS5G1zRgyv5k4Q==

"@sentry/utils@8.30.0":
  version "8.30.0"
  resolved "https://registry.npmjs.org/@sentry/utils/-/utils-8.30.0.tgz"
  integrity sha512-wZxU2HWlzsnu8214Xy7S7cRIuD6h8Z5DnnkojJfX0i0NLooepZQk2824el1Q13AakLb7/S8CHSHXOMnCtoSduw==
  dependencies:
    "@sentry/types" "8.30.0"

"@types/estree@1.0.6":
  version "1.0.6"
  resolved "https://registry.npmjs.org/@types/estree/-/estree-1.0.6.tgz"
  integrity sha512-AYnb1nQyY49te+VRAVgmzfcgjYS91mY5P0TKUDCLEM+gNnA+3T6rWITXRLYCpahpqSQbN5cE+gHpnPyXjHWxcw==

"@types/node@*", "@types/node@^18.0.0 || >=20.0.0", "@types/node@~20.12.8":
  version "20.12.14"
  resolved "https://registry.npmjs.org/@types/node/-/node-20.12.14.tgz"
  integrity sha512-scnD59RpYD91xngrQQLGkE+6UrHUPzeKZWhhjBSa3HSkwjbQc38+q3RoIVEwxQGRw3M+j5hpNAM+lgV3cVormg==
  dependencies:
    undici-types "~5.26.4"

"@types/prop-types@*":
  version "15.7.13"
  resolved "https://registry.npmjs.org/@types/prop-types/-/prop-types-15.7.13.tgz"
  integrity sha512-hCZTSvwbzWGvhqxp/RqVqwU999pBf2vp7hzIjiYOsl8wqOmUxkQ6ddw1cV3l8811+kdUFus/q4d1Y3E3SyEifA==

"@types/react-dom@^18.3.0":
  version "18.3.0"
  resolved "https://registry.npmjs.org/@types/react-dom/-/react-dom-18.3.0.tgz"
  integrity sha512-EhwApuTmMBmXuFOikhQLIBUn6uFg81SwLMOAUgodJF14SOBOCMdU04gDoYi0WOJJHD144TL32z4yDqCW3dnkQg==
  dependencies:
    "@types/react" "*"

"@types/react@*", "@types/react@^18.3.5":
  version "18.3.7"
  resolved "https://registry.npmjs.org/@types/react/-/react-18.3.7.tgz"
  integrity sha512-KUnDCJF5+AiZd8owLIeVHqmW9yM4sqmDVf2JRJiBMFkGvkoZ4/WyV2lL4zVsoinmRS/W3FeEdZLEWFRofnT2FQ==
  dependencies:
    "@types/prop-types" "*"
    csstype "^3.0.2"

"@types/ws@~8.5.10":
  version "8.5.12"
  resolved "https://registry.npmjs.org/@types/ws/-/ws-8.5.12.tgz"
  integrity sha512-3tPRkv1EtkDpzlgyKyI8pGsGZAGPEaXeu0DOj5DI25Ja91bdAYddYHbADRYVrZMRbfW+1l5YwXVDKohDJNQxkQ==
  dependencies:
    "@types/node" "*"

antd@^5.20.6:
  version "5.20.6"
  resolved "https://registry.npmjs.org/antd/-/antd-5.20.6.tgz"
  integrity sha512-TZFmNenHlh26DelHCJbkB+x1OVulIKsN1f/CnAd2NxZLysXqRvSuLUeHcgccqAnxTy7B03GZ6i1tocGxPCNjgA==
  dependencies:
    "@ant-design/colors" "^7.1.0"
    "@ant-design/cssinjs" "^1.21.0"
    "@ant-design/cssinjs-utils" "^1.0.3"
    "@ant-design/icons" "^5.4.0"
    "@ant-design/react-slick" "~1.1.2"
    "@babel/runtime" "^7.24.8"
    "@ctrl/tinycolor" "^3.6.1"
    "@rc-component/color-picker" "~2.0.1"
    "@rc-component/mutate-observer" "^1.1.0"
    "@rc-component/qrcode" "~1.0.0"
    "@rc-component/tour" "~1.15.1"
    "@rc-component/trigger" "^2.2.2"
    classnames "^2.5.1"
    copy-to-clipboard "^3.3.3"
    dayjs "^1.11.11"
    rc-cascader "~3.28.1"
    rc-checkbox "~3.3.0"
    rc-collapse "~3.7.3"
    rc-dialog "~9.5.2"
    rc-drawer "~7.2.0"
    rc-dropdown "~4.2.0"
    rc-field-form "~2.4.0"
    rc-image "~7.9.0"
    rc-input "~1.6.3"
    rc-input-number "~9.2.0"
    rc-mentions "~2.15.0"
    rc-menu "~9.14.1"
    rc-motion "^2.9.2"
    rc-notification "~5.6.0"
    rc-pagination "~4.2.0"
    rc-picker "~4.6.14"
    rc-progress "~4.0.0"
    rc-rate "~2.13.0"
    rc-resize-observer "^1.4.0"
    rc-segmented "~2.3.0"
    rc-select "~14.15.2"
    rc-slider "~11.1.5"
    rc-steps "~6.0.1"
    rc-switch "~4.1.0"
    rc-table "~7.45.7"
    rc-tabs "~15.1.1"
    rc-textarea "~1.8.1"
    rc-tooltip "~6.2.0"
    rc-tree "~5.9.0"
    rc-tree-select "~5.23.0"
    rc-upload "~4.7.0"
    rc-util "^5.43.0"
    scroll-into-view-if-needed "^3.1.0"
    throttle-debounce "^5.0.2"

array-tree-filter@^2.1.0:
  version "2.1.0"
  resolved "https://registry.npmjs.org/array-tree-filter/-/array-tree-filter-2.1.0.tgz"
  integrity sha512-4ROwICNlNw/Hqa9v+rk5h22KjmzB1JGTMVKP2AKJBOCgb0yL0ASf0+YvCcLNNwquOHNX48jkeZIJ3a+oOQqKcw==

bun-types@latest:
  version "1.1.28"
  resolved "https://registry.npmjs.org/bun-types/-/bun-types-1.1.28.tgz"
  integrity sha512-XiWHzHZIxkgssHSUwJVrkUDHvwhHzE9mrFUMXZ3BKqNiGzL0n/fB/XUQZibcHjg0SvW/Tt5WUNeKmiM9njuy/w==
  dependencies:
    "@types/node" "~20.12.8"
    "@types/ws" "~8.5.10"

classnames@^2.2.1, classnames@^2.2.3, classnames@^2.2.5, classnames@^2.2.6, classnames@^2.3.1, classnames@^2.3.2, classnames@^2.5.1, classnames@2.x:
  version "2.5.1"
  resolved "https://registry.npmjs.org/classnames/-/classnames-2.5.1.tgz"
  integrity sha512-saHYOzhIQs6wy2sVxTM6bUDsQO4F50V9RQ22qBpEdCW+I+/Wmke2HOl6lS6dTpdxVhb88/I6+Hs+438c3lfUow==

compute-scroll-into-view@^3.0.2:
  version "3.1.0"
  resolved "https://registry.npmjs.org/compute-scroll-into-view/-/compute-scroll-into-view-3.1.0.tgz"
  integrity sha512-rj8l8pD4bJ1nx+dAkMhV1xB5RuZEyVysfxJqB1pRchh1KVvwOv9b7CGB8ZfjTImVv2oF+sYMUkMZq6Na5Ftmbg==

copy-to-clipboard@^3.3.3:
  version "3.3.3"
  resolved "https://registry.npmjs.org/copy-to-clipboard/-/copy-to-clipboard-3.3.3.tgz"
  integrity sha512-2KV8NhB5JqC3ky0r9PMCAZKbUHSwtEo4CwCs0KXgruG43gX5PMqDEBbVU4OUzw2MuAWUfsuFmWvEKG5QRfSnJA==
  dependencies:
    toggle-selection "^1.0.6"

csstype@^3.0.2, csstype@^3.1.3:
  version "3.1.3"
  resolved "https://registry.npmjs.org/csstype/-/csstype-3.1.3.tgz"
  integrity sha512-M1uQkMl8rQK/szD0LNhtqxIPLpimGm8sOBwU7lLnCpSbTyY3yeU1Vc7l4KT5zT4s/yOxHH5O7tIuuLOCnLADRw==

dayjs@^1.11.11, "dayjs@>= 1.x":
  version "1.11.13"
  resolved "https://registry.npmjs.org/dayjs/-/dayjs-1.11.13.tgz"
  integrity sha512-oaMBel6gjolK862uaPQOVTA7q3TZhuSvuMQAAglQDOWYO9A91IrAOUJEyKVlqJlHE0vq5p5UXxzdPfMH/x6xNg==

esbuild@^0.21.3:
  version "0.21.5"
  resolved "https://registry.npmjs.org/esbuild/-/esbuild-0.21.5.tgz"
  integrity sha512-mg3OPMV4hXywwpoDxu3Qda5xCKQi+vCTZq8S9J/EpkhB2HzKXq4SNFZE3+NK93JYxc8VMSep+lOUSC/RVKaBqw==
  optionalDependencies:
    "@esbuild/aix-ppc64" "0.21.5"
    "@esbuild/android-arm" "0.21.5"
    "@esbuild/android-arm64" "0.21.5"
    "@esbuild/android-x64" "0.21.5"
    "@esbuild/darwin-arm64" "0.21.5"
    "@esbuild/darwin-x64" "0.21.5"
    "@esbuild/freebsd-arm64" "0.21.5"
    "@esbuild/freebsd-x64" "0.21.5"
    "@esbuild/linux-arm" "0.21.5"
    "@esbuild/linux-arm64" "0.21.5"
    "@esbuild/linux-ia32" "0.21.5"
    "@esbuild/linux-loong64" "0.21.5"
    "@esbuild/linux-mips64el" "0.21.5"
    "@esbuild/linux-ppc64" "0.21.5"
    "@esbuild/linux-riscv64" "0.21.5"
    "@esbuild/linux-s390x" "0.21.5"
    "@esbuild/linux-x64" "0.21.5"
    "@esbuild/netbsd-x64" "0.21.5"
    "@esbuild/openbsd-x64" "0.21.5"
    "@esbuild/sunos-x64" "0.21.5"
    "@esbuild/win32-arm64" "0.21.5"
    "@esbuild/win32-ia32" "0.21.5"
    "@esbuild/win32-x64" "0.21.5"

fsevents@~2.3.2, fsevents@~2.3.3:
  version "2.3.3"
  resolved "https://registry.npmjs.org/fsevents/-/fsevents-2.3.3.tgz"
  integrity sha512-5xoDfX+fL7faATnagmWPpbFtwh/R77WmMMqqHGS65C3vvB0YHrgF+B1YmZ3441tMj5n63k0212XNoJwzlhffQw==

hoist-non-react-statics@^3.3.2:
  version "3.3.2"
  resolved "https://registry.npmjs.org/hoist-non-react-statics/-/hoist-non-react-statics-3.3.2.tgz"
  integrity sha512-/gGivxi8JPKWNm/W0jSmzcMPpfpPLc3dY/6GxhX2hQ9iGj3aDfklV4ET7NjKpSinLpJ5vafa9iiGIEZg10SfBw==
  dependencies:
    react-is "^16.7.0"

"js-tokens@^3.0.0 || ^4.0.0":
  version "4.0.0"
  resolved "https://registry.npmjs.org/js-tokens/-/js-tokens-4.0.0.tgz"
  integrity sha512-RdJUflcE3cUzKiMqQgsCu06FPu9UdIJO0beYbPhHN4k6apgJtifcoCtT9bcxOpYBtpD2kCM6Sbzg4CausW/PKQ==

json2mq@^0.2.0:
  version "0.2.0"
  resolved "https://registry.npmjs.org/json2mq/-/json2mq-0.2.0.tgz"
  integrity sha512-SzoRg7ux5DWTII9J2qkrZrqV1gt+rTaoufMxEzXbS26Uid0NwaJd123HcoB80TgubEppxxIGdNxCx50fEoEWQA==
  dependencies:
    string-convert "^0.2.0"

loose-envify@^1.1.0:
  version "1.4.0"
  resolved "https://registry.npmjs.org/loose-envify/-/loose-envify-1.4.0.tgz"
  integrity sha512-lyuxPGr/Wfhrlem2CL/UcnUc1zcqKAImBDzukY7Y5F/yQiNdko6+fRLevlw1HgMySw7f611UIY408EtxRSoK3Q==
  dependencies:
    js-tokens "^3.0.0 || ^4.0.0"

nanoid@^3.3.7:
  version "3.3.8"
  resolved "https://registry.npmjs.org/nanoid/-/nanoid-3.3.8.tgz"
  integrity sha512-WNLf5Sd8oZxOm+TzppcYk8gVOgP+l58xNy58D0nbUnOxOWRWvlcCV4kUF7ltmI6PsrLl/BgKEyS4mqsGChFN0w==

picocolors@^1.1.1:
  version "1.1.1"
  resolved "https://registry.npmjs.org/picocolors/-/picocolors-1.1.1.tgz"
  integrity sha512-xceH2snhtb5M9liqDsmEw56le376mTZkEX/jEb/RxNFyegNul7eNslCXP9FDj/Lcu0X8KEyMceP2ntpaHrDEVA==

postcss@^8.4.43:
  version "8.4.49"
  resolved "https://registry.npmjs.org/postcss/-/postcss-8.4.49.tgz"
  integrity sha512-OCVPnIObs4N29kxTjzLfUryOkvZEq+pf8jTF0lg8E7uETuWHA+v7j3c/xJmiqpX450191LlmZfUKkXxkTry7nA==
  dependencies:
    nanoid "^3.3.7"
    picocolors "^1.1.1"
    source-map-js "^1.2.1"

prettier@^3.3.3:
  version "3.3.3"
  resolved "https://registry.npmjs.org/prettier/-/prettier-3.3.3.tgz"
  integrity sha512-i2tDNA0O5IrMO757lfrdQZCc2jPNDVntV0m/+4whiDfWaTKfMNgR7Qz0NAeGz/nRqF4m5/6CLzbP4/liHt12Ew==

rc-cascader@~3.28.1:
  version "3.28.1"
  resolved "https://registry.npmjs.org/rc-cascader/-/rc-cascader-3.28.1.tgz"
  integrity sha512-9+8oHIMWVLHxuaapDiqFNmD9KSyKN/P4bo9x/MBuDbyTqP8f2/POmmZxdXWBO3yq/uE3pKyQCXYNUxrNfHRv2A==
  dependencies:
    "@babel/runtime" "^7.12.5"
    array-tree-filter "^2.1.0"
    classnames "^2.3.1"
    rc-select "~14.15.0"
    rc-tree "~5.9.0"
    rc-util "^5.37.0"

rc-checkbox@~3.3.0:
  version "3.3.0"
  resolved "https://registry.npmjs.org/rc-checkbox/-/rc-checkbox-3.3.0.tgz"
  integrity sha512-Ih3ZaAcoAiFKJjifzwsGiT/f/quIkxJoklW4yKGho14Olulwn8gN7hOBve0/WGDg5o/l/5mL0w7ff7/YGvefVw==
  dependencies:
    "@babel/runtime" "^7.10.1"
    classnames "^2.3.2"
    rc-util "^5.25.2"

rc-collapse@~3.7.3:
  version "3.7.3"
  resolved "https://registry.npmjs.org/rc-collapse/-/rc-collapse-3.7.3.tgz"
  integrity sha512-60FJcdTRn0X5sELF18TANwtVi7FtModq649H11mYF1jh83DniMoM4MqY627sEKRCTm4+WXfGDcB7hY5oW6xhyw==
  dependencies:
    "@babel/runtime" "^7.10.1"
    classnames "2.x"
    rc-motion "^2.3.4"
    rc-util "^5.27.0"

rc-dialog@~9.5.2:
  version "9.5.2"
  resolved "https://registry.npmjs.org/rc-dialog/-/rc-dialog-9.5.2.tgz"
  integrity sha512-qVUjc8JukG+j/pNaHVSRa2GO2/KbV2thm7yO4hepQ902eGdYK913sGkwg/fh9yhKYV1ql3BKIN2xnud3rEXAPw==
  dependencies:
    "@babel/runtime" "^7.10.1"
    "@rc-component/portal" "^1.0.0-8"
    classnames "^2.2.6"
    rc-motion "^2.3.0"
    rc-util "^5.21.0"

rc-drawer@~7.2.0:
  version "7.2.0"
  resolved "https://registry.npmjs.org/rc-drawer/-/rc-drawer-7.2.0.tgz"
  integrity sha512-9lOQ7kBekEJRdEpScHvtmEtXnAsy+NGDXiRWc2ZVC7QXAazNVbeT4EraQKYwCME8BJLa8Bxqxvs5swwyOepRwg==
  dependencies:
    "@babel/runtime" "^7.23.9"
    "@rc-component/portal" "^1.1.1"
    classnames "^2.2.6"
    rc-motion "^2.6.1"
    rc-util "^5.38.1"

rc-dropdown@~4.2.0:
  version "4.2.0"
  resolved "https://registry.npmjs.org/rc-dropdown/-/rc-dropdown-4.2.0.tgz"
  integrity sha512-odM8Ove+gSh0zU27DUj5cG1gNKg7mLWBYzB5E4nNLrLwBmYEgYP43vHKDGOVZcJSVElQBI0+jTQgjnq0NfLjng==
  dependencies:
    "@babel/runtime" "^7.18.3"
    "@rc-component/trigger" "^2.0.0"
    classnames "^2.2.6"
    rc-util "^5.17.0"

rc-field-form@~2.4.0:
  version "2.4.0"
  resolved "https://registry.npmjs.org/rc-field-form/-/rc-field-form-2.4.0.tgz"
  integrity sha512-XZ/lF9iqf9HXApIHQHqzJK5v2w4mkUMsVqAzOyWVzoiwwXEavY6Tpuw7HavgzIoD+huVff4JghSGcgEfX6eycg==
  dependencies:
    "@babel/runtime" "^7.18.0"
    "@rc-component/async-validator" "^5.0.3"
    rc-util "^5.32.2"

rc-image@~7.9.0:
  version "7.9.0"
  resolved "https://registry.npmjs.org/rc-image/-/rc-image-7.9.0.tgz"
  integrity sha512-l4zqO5E0quuLMCtdKfBgj4Suv8tIS011F5k1zBBlK25iMjjiNHxA0VeTzGFtUZERSA45gvpXDg8/P6qNLjR25g==
  dependencies:
    "@babel/runtime" "^7.11.2"
    "@rc-component/portal" "^1.0.2"
    classnames "^2.2.6"
    rc-dialog "~9.5.2"
    rc-motion "^2.6.2"
    rc-util "^5.34.1"

rc-input-number@~9.2.0:
  version "9.2.0"
  resolved "https://registry.npmjs.org/rc-input-number/-/rc-input-number-9.2.0.tgz"
  integrity sha512-5XZFhBCV5f9UQ62AZ2hFbEY8iZT/dm23Q1kAg0H8EvOgD3UDbYYJAayoVIkM3lQaCqYAW5gV0yV3vjw1XtzWHg==
  dependencies:
    "@babel/runtime" "^7.10.1"
    "@rc-component/mini-decimal" "^1.0.1"
    classnames "^2.2.5"
    rc-input "~1.6.0"
    rc-util "^5.40.1"

rc-input@~1.6.0, rc-input@~1.6.3:
  version "1.6.3"
  resolved "https://registry.npmjs.org/rc-input/-/rc-input-1.6.3.tgz"
  integrity sha512-wI4NzuqBS8vvKr8cljsvnTUqItMfG1QbJoxovCgL+DX4eVUcHIjVwharwevIxyy7H/jbLryh+K7ysnJr23aWIA==
  dependencies:
    "@babel/runtime" "^7.11.1"
    classnames "^2.2.1"
    rc-util "^5.18.1"

rc-mentions@~2.15.0:
  version "2.15.0"
  resolved "https://registry.npmjs.org/rc-mentions/-/rc-mentions-2.15.0.tgz"
  integrity sha512-f5v5i7VdqvBDXbphoqcQWmXDif2Msd2arritVoWybrVDuHE6nQ7XCYsybHbV//WylooK52BFDouFvyaRDtXZEw==
  dependencies:
    "@babel/runtime" "^7.22.5"
    "@rc-component/trigger" "^2.0.0"
    classnames "^2.2.6"
    rc-input "~1.6.0"
    rc-menu "~9.14.0"
    rc-textarea "~1.8.0"
    rc-util "^5.34.1"

rc-menu@~9.14.0, rc-menu@~9.14.1:
  version "9.14.1"
  resolved "https://registry.npmjs.org/rc-menu/-/rc-menu-9.14.1.tgz"
  integrity sha512-5wlRb3M8S4yGlWhSoEYJ7ZVRElyScdcpUHxgiLxkeig1tEdyKrnED3B2fhpN0Rrpdp9jyhnmZR/Lwq2fH5VvDQ==
  dependencies:
    "@babel/runtime" "^7.10.1"
    "@rc-component/trigger" "^2.0.0"
    classnames "2.x"
    rc-motion "^2.4.3"
    rc-overflow "^1.3.1"
    rc-util "^5.27.0"

rc-motion@^2.0.0, rc-motion@^2.0.1, rc-motion@^2.3.0, rc-motion@^2.3.4, rc-motion@^2.4.3, rc-motion@^2.4.4, rc-motion@^2.6.1, rc-motion@^2.6.2, rc-motion@^2.9.0, rc-motion@^2.9.2:
  version "2.9.3"
  resolved "https://registry.npmjs.org/rc-motion/-/rc-motion-2.9.3.tgz"
  integrity sha512-rkW47ABVkic7WEB0EKJqzySpvDqwl60/tdkY7hWP7dYnh5pm0SzJpo54oW3TDUGXV5wfxXFmMkxrzRRbotQ0+w==
  dependencies:
    "@babel/runtime" "^7.11.1"
    classnames "^2.2.1"
    rc-util "^5.43.0"

rc-notification@~5.6.0:
  version "5.6.1"
  resolved "https://registry.npmjs.org/rc-notification/-/rc-notification-5.6.1.tgz"
  integrity sha512-Q4ZKES3IBxWmpNnlDiMFYoH6D7MJ1L3n3gp59pnpaMI8gm9Vj+gVRxdInvoYjBoZvEOenxb9MbbKvnFhzJpgvA==
  dependencies:
    "@babel/runtime" "^7.10.1"
    classnames "2.x"
    rc-motion "^2.9.0"
    rc-util "^5.20.1"

rc-overflow@^1.3.1, rc-overflow@^1.3.2:
  version "1.3.2"
  resolved "https://registry.npmjs.org/rc-overflow/-/rc-overflow-1.3.2.tgz"
  integrity sha512-nsUm78jkYAoPygDAcGZeC2VwIg/IBGSodtOY3pMof4W3M9qRJgqaDYm03ZayHlde3I6ipliAxbN0RUcGf5KOzw==
  dependencies:
    "@babel/runtime" "^7.11.1"
    classnames "^2.2.1"
    rc-resize-observer "^1.0.0"
    rc-util "^5.37.0"

rc-pagination@~4.2.0:
  version "4.2.0"
  resolved "https://registry.npmjs.org/rc-pagination/-/rc-pagination-4.2.0.tgz"
  integrity sha512-V6qeANJsT6tmOcZ4XiUmj8JXjRLbkusuufpuoBw2GiAn94fIixYjFLmbruD1Sbhn8fPLDnWawPp4CN37zQorvw==
  dependencies:
    "@babel/runtime" "^7.10.1"
    classnames "^2.3.2"
    rc-util "^5.38.0"

rc-picker@~4.6.14:
  version "4.6.14"
  resolved "https://registry.npmjs.org/rc-picker/-/rc-picker-4.6.14.tgz"
  integrity sha512-7DuTfUFdkxmsNpWQ0TWv6FPGna5e6KKC4nxtx3x9xhumLz7jb3fhlDdWQvqEL6tpt9DOb1+N5j+wB+lDOSS9kg==
  dependencies:
    "@babel/runtime" "^7.24.7"
    "@rc-component/trigger" "^2.0.0"
    classnames "^2.2.1"
    rc-overflow "^1.3.2"
    rc-resize-observer "^1.4.0"
    rc-util "^5.43.0"

rc-progress@~4.0.0:
  version "4.0.0"
  resolved "https://registry.npmjs.org/rc-progress/-/rc-progress-4.0.0.tgz"
  integrity sha512-oofVMMafOCokIUIBnZLNcOZFsABaUw8PPrf1/y0ZBvKZNpOiu5h4AO9vv11Sw0p4Hb3D0yGWuEattcQGtNJ/aw==
  dependencies:
    "@babel/runtime" "^7.10.1"
    classnames "^2.2.6"
    rc-util "^5.16.1"

rc-rate@~2.13.0:
  version "2.13.0"
  resolved "https://registry.npmjs.org/rc-rate/-/rc-rate-2.13.0.tgz"
  integrity sha512-oxvx1Q5k5wD30sjN5tqAyWTvJfLNNJn7Oq3IeS4HxWfAiC4BOXMITNAsw7u/fzdtO4MS8Ki8uRLOzcnEuoQiAw==
  dependencies:
    "@babel/runtime" "^7.10.1"
    classnames "^2.2.5"
    rc-util "^5.0.1"

rc-resize-observer@^1.0.0, rc-resize-observer@^1.1.0, rc-resize-observer@^1.3.1, rc-resize-observer@^1.4.0:
  version "1.4.0"
  resolved "https://registry.npmjs.org/rc-resize-observer/-/rc-resize-observer-1.4.0.tgz"
  integrity sha512-PnMVyRid9JLxFavTjeDXEXo65HCRqbmLBw9xX9gfC4BZiSzbLXKzW3jPz+J0P71pLbD5tBMTT+mkstV5gD0c9Q==
  dependencies:
    "@babel/runtime" "^7.20.7"
    classnames "^2.2.1"
    rc-util "^5.38.0"
    resize-observer-polyfill "^1.5.1"

rc-segmented@~2.3.0:
  version "2.3.0"
  resolved "https://registry.npmjs.org/rc-segmented/-/rc-segmented-2.3.0.tgz"
  integrity sha512-I3FtM5Smua/ESXutFfb8gJ8ZPcvFR+qUgeeGFQHBOvRiRKyAk4aBE5nfqrxXx+h8/vn60DQjOt6i4RNtrbOobg==
  dependencies:
    "@babel/runtime" "^7.11.1"
    classnames "^2.2.1"
    rc-motion "^2.4.4"
    rc-util "^5.17.0"

rc-select@~14.15.0, rc-select@~14.15.2:
  version "14.15.2"
  resolved "https://registry.npmjs.org/rc-select/-/rc-select-14.15.2.tgz"
  integrity sha512-oNoXlaFmpqXYcQDzcPVLrEqS2J9c+/+oJuGrlXeVVX/gVgrbHa5YcyiRUXRydFjyuA7GP3elRuLF7Y3Tfwltlw==
  dependencies:
    "@babel/runtime" "^7.10.1"
    "@rc-component/trigger" "^2.1.1"
    classnames "2.x"
    rc-motion "^2.0.1"
    rc-overflow "^1.3.1"
    rc-util "^5.16.1"
    rc-virtual-list "^3.5.2"

rc-slider@~11.1.5:
  version "11.1.6"
  resolved "https://registry.npmjs.org/rc-slider/-/rc-slider-11.1.6.tgz"
  integrity sha512-LACAaXM0hi+4x4ErDGZLy7weIQwmBIVbIgPE+eDHiHkyzMvKjWHraCG8/B22Y/tCQUPAsP02wBhKhth7mH2PIw==
  dependencies:
    "@babel/runtime" "^7.10.1"
    classnames "^2.2.5"
    rc-util "^5.36.0"

rc-steps@~6.0.1:
  version "6.0.1"
  resolved "https://registry.npmjs.org/rc-steps/-/rc-steps-6.0.1.tgz"
  integrity sha512-lKHL+Sny0SeHkQKKDJlAjV5oZ8DwCdS2hFhAkIjuQt1/pB81M0cA0ErVFdHq9+jmPmFw1vJB2F5NBzFXLJxV+g==
  dependencies:
    "@babel/runtime" "^7.16.7"
    classnames "^2.2.3"
    rc-util "^5.16.1"

rc-switch@~4.1.0:
  version "4.1.0"
  resolved "https://registry.npmjs.org/rc-switch/-/rc-switch-4.1.0.tgz"
  integrity sha512-TI8ufP2Az9oEbvyCeVE4+90PDSljGyuwix3fV58p7HV2o4wBnVToEyomJRVyTaZeqNPAp+vqeo4Wnj5u0ZZQBg==
  dependencies:
    "@babel/runtime" "^7.21.0"
    classnames "^2.2.1"
    rc-util "^5.30.0"

rc-table@~7.45.7:
  version "7.45.7"
  resolved "https://registry.npmjs.org/rc-table/-/rc-table-7.45.7.tgz"
  integrity sha512-wi9LetBL1t1csxyGkMB2p3mCiMt+NDexMlPbXHvQFmBBAsMxrgNSAPwUci2zDLUq9m8QdWc1Nh8suvrpy9mXrg==
  dependencies:
    "@babel/runtime" "^7.10.1"
    "@rc-component/context" "^1.4.0"
    classnames "^2.2.5"
    rc-resize-observer "^1.1.0"
    rc-util "^5.37.0"
    rc-virtual-list "^3.14.2"

rc-tabs@~15.1.1:
  version "15.1.1"
  resolved "https://registry.npmjs.org/rc-tabs/-/rc-tabs-15.1.1.tgz"
  integrity sha512-Tc7bJvpEdkWIVCUL7yQrMNBJY3j44NcyWS48jF/UKMXuUlzaXK+Z/pEL5LjGcTadtPvVmNqA40yv7hmr+tCOAw==
  dependencies:
    "@babel/runtime" "^7.11.2"
    classnames "2.x"
    rc-dropdown "~4.2.0"
    rc-menu "~9.14.0"
    rc-motion "^2.6.2"
    rc-resize-observer "^1.0.0"
    rc-util "^5.34.1"

rc-textarea@~1.8.0, rc-textarea@~1.8.1:
  version "1.8.1"
  resolved "https://registry.npmjs.org/rc-textarea/-/rc-textarea-1.8.1.tgz"
  integrity sha512-bm36N2ZqwZAP60ZQg2OY9mPdqWC+m6UTjHc+CqEZOxb3Ia29BGHazY/s5bI8M4113CkqTzhtFUDNA078ZiOx3Q==
  dependencies:
    "@babel/runtime" "^7.10.1"
    classnames "^2.2.1"
    rc-input "~1.6.0"
    rc-resize-observer "^1.0.0"
    rc-util "^5.27.0"

rc-tooltip@~6.2.0:
  version "6.2.0"
  resolved "https://registry.npmjs.org/rc-tooltip/-/rc-tooltip-6.2.0.tgz"
  integrity sha512-iS/3iOAvtDh9GIx1ulY7EFUXUtktFccNLsARo3NPgLf0QW9oT0w3dA9cYWlhqAKmD+uriEwdWz1kH0Qs4zk2Aw==
  dependencies:
    "@babel/runtime" "^7.11.2"
    "@rc-component/trigger" "^2.0.0"
    classnames "^2.3.1"

rc-tree-select@~5.23.0:
  version "5.23.0"
  resolved "https://registry.npmjs.org/rc-tree-select/-/rc-tree-select-5.23.0.tgz"
  integrity sha512-aQGi2tFSRw1WbXv0UVXPzHm09E0cSvUVZMLxQtMv3rnZZpNmdRXWrnd9QkLNlVH31F+X5rgghmdSFF3yZW0N9A==
  dependencies:
    "@babel/runtime" "^7.10.1"
    classnames "2.x"
    rc-select "~14.15.0"
    rc-tree "~5.9.0"
    rc-util "^5.16.1"

rc-tree@~5.9.0:
  version "5.9.0"
  resolved "https://registry.npmjs.org/rc-tree/-/rc-tree-5.9.0.tgz"
  integrity sha512-CPrgOvm9d/9E+izTONKSngNzQdIEjMox2PBufWjS1wf7vxtvmCWzK1SlpHbRY6IaBfJIeZ+88RkcIevf729cRg==
  dependencies:
    "@babel/runtime" "^7.10.1"
    classnames "2.x"
    rc-motion "^2.0.1"
    rc-util "^5.16.1"
    rc-virtual-list "^3.5.1"

rc-upload@~4.7.0:
  version "4.7.0"
  resolved "https://registry.npmjs.org/rc-upload/-/rc-upload-4.7.0.tgz"
  integrity sha512-eUwxYNHlsYe5vYhKFAUGrQG95JrnPzY+BmPi1Daq39fWNl/eOc7v4UODuWrVp2LFkQBuV3cMCG/I68iub6oBrg==
  dependencies:
    "@babel/runtime" "^7.18.3"
    classnames "^2.2.5"
    rc-util "^5.2.0"

rc-util@^5.0.1, rc-util@^5.16.1, rc-util@^5.17.0, rc-util@^5.18.1, rc-util@^5.2.0, rc-util@^5.20.1, rc-util@^5.21.0, rc-util@^5.24.4, rc-util@^5.25.2, rc-util@^5.27.0, rc-util@^5.30.0, rc-util@^5.31.1, rc-util@^5.32.2, rc-util@^5.34.1, rc-util@^5.35.0, rc-util@^5.36.0, rc-util@^5.37.0, rc-util@^5.38.0, rc-util@^5.38.1, rc-util@^5.40.1, rc-util@^5.43.0:
  version "5.43.0"
  resolved "https://registry.npmjs.org/rc-util/-/rc-util-5.43.0.tgz"
  integrity sha512-AzC7KKOXFqAdIBqdGWepL9Xn7cm3vnAmjlHqUnoQaTMZYhM4VlXGLkkHHxj/BZ7Td0+SOPKB4RGPboBVKT9htw==
  dependencies:
    "@babel/runtime" "^7.18.3"
    react-is "^18.2.0"

rc-virtual-list@^3.14.2, rc-virtual-list@^3.5.1, rc-virtual-list@^3.5.2:
  version "3.14.5"
  resolved "https://registry.npmjs.org/rc-virtual-list/-/rc-virtual-list-3.14.5.tgz"
  integrity sha512-ZMOnkCLv2wUN8Jz7yI4XiSLa9THlYvf00LuMhb1JlsQCewuU7ydPuHw1rGVPhe9VZYl/5UqODtNd7QKJ2DMGfg==
  dependencies:
    "@babel/runtime" "^7.20.0"
    classnames "^2.2.6"
    rc-resize-observer "^1.0.0"
    rc-util "^5.36.0"

react-dom@*, react-dom@^18.3.1, react-dom@>=16.0.0, react-dom@>=16.11.0, react-dom@>=16.9.0:
  version "18.3.1"
  resolved "https://registry.npmjs.org/react-dom/-/react-dom-18.3.1.tgz"
  integrity sha512-5m4nQKp+rZRb09LNH59GM4BxTh9251/ylbKIbpe7TpGxfJ+9kv6BLkLBXIjjspbgbnIBNqlI23tRnTWT0snUIw==
  dependencies:
    loose-envify "^1.1.0"
    scheduler "^0.23.2"

react-is@^16.7.0:
  version "16.13.1"
  resolved "https://registry.npmjs.org/react-is/-/react-is-16.13.1.tgz"
  integrity sha512-24e6ynE2H+OKt4kqsOvNd8kBpV65zoxbA4BVsEOB3ARVWQki/DHzaUoC5KuON/BiccDaCCTZBuOcfZs70kR8bQ==

react-is@^18.2.0:
  version "18.3.1"
  resolved "https://registry.npmjs.org/react-is/-/react-is-18.3.1.tgz"
  integrity sha512-/LLMVyas0ljjAtoYiPqYiL8VWXzUUdThrmU5+n20DZv+a+ClRoevUzw5JxU+Ieh5/c87ytoTBV9G1FiKfNJdmg==

react@*, "react@^16.14.0 || 17.x || 18.x || 19.x", react@^18.3.1, react@>=16.0.0, react@>=16.11.0, react@>=16.9.0:
  version "18.3.1"
  resolved "https://registry.npmjs.org/react/-/react-18.3.1.tgz"
  integrity sha512-wS+hAgJShR0KhEvPJArfuPVN1+Hz1t0Y6n5jLrGQbkb4urgPE/0Rve+1kMB1v/oWgHgm4WIcV+i7F2pTVj+2iQ==
  dependencies:
    loose-envify "^1.1.0"

regenerator-runtime@^0.14.0:
  version "0.14.1"
  resolved "https://registry.npmjs.org/regenerator-runtime/-/regenerator-runtime-0.14.1.tgz"
  integrity sha512-dYnhHh0nJoMfnkZs6GmmhFknAGRrLznOu5nc9ML+EJxGvrx6H7teuevqVqCuPcPK//3eDrrjQhehXVx9cnkGdw==

resize-observer-polyfill@^1.5.1:
  version "1.5.1"
  resolved "https://registry.npmjs.org/resize-observer-polyfill/-/resize-observer-polyfill-1.5.1.tgz"
  integrity sha512-LwZrotdHOo12nQuZlHEmtuXdqGoOD0OhaxopaNFxWzInpEgaLWoVuAMbTzixuosCx2nEG58ngzW3vxdWoxIgdg==

rollup@^4.20.0:
  version "4.30.1"
  resolved "https://registry.npmjs.org/rollup/-/rollup-4.30.1.tgz"
  integrity sha512-mlJ4glW020fPuLi7DkM/lN97mYEZGWeqBnrljzN0gs7GLctqX3lNWxKQ7Gl712UAX+6fog/L3jh4gb7R6aVi3w==
  dependencies:
    "@types/estree" "1.0.6"
  optionalDependencies:
    "@rollup/rollup-android-arm-eabi" "4.30.1"
    "@rollup/rollup-android-arm64" "4.30.1"
    "@rollup/rollup-darwin-arm64" "4.30.1"
    "@rollup/rollup-darwin-x64" "4.30.1"
    "@rollup/rollup-freebsd-arm64" "4.30.1"
    "@rollup/rollup-freebsd-x64" "4.30.1"
    "@rollup/rollup-linux-arm-gnueabihf" "4.30.1"
    "@rollup/rollup-linux-arm-musleabihf" "4.30.1"
    "@rollup/rollup-linux-arm64-gnu" "4.30.1"
    "@rollup/rollup-linux-arm64-musl" "4.30.1"
    "@rollup/rollup-linux-loongarch64-gnu" "4.30.1"
    "@rollup/rollup-linux-powerpc64le-gnu" "4.30.1"
    "@rollup/rollup-linux-riscv64-gnu" "4.30.1"
    "@rollup/rollup-linux-s390x-gnu" "4.30.1"
    "@rollup/rollup-linux-x64-gnu" "4.30.1"
    "@rollup/rollup-linux-x64-musl" "4.30.1"
    "@rollup/rollup-win32-arm64-msvc" "4.30.1"
    "@rollup/rollup-win32-ia32-msvc" "4.30.1"
    "@rollup/rollup-win32-x64-msvc" "4.30.1"
    fsevents "~2.3.2"

scheduler@^0.23.2:
  version "0.23.2"
  resolved "https://registry.npmjs.org/scheduler/-/scheduler-0.23.2.tgz"
  integrity sha512-UOShsPwz7NrMUqhR6t0hWjFduvOzbtv7toDH1/hIrfRNIDBnnBWd0CwJTGvTpngVlmwGCdP9/Zl/tVrDqcuYzQ==
  dependencies:
    loose-envify "^1.1.0"

scroll-into-view-if-needed@^3.1.0:
  version "3.1.0"
  resolved "https://registry.npmjs.org/scroll-into-view-if-needed/-/scroll-into-view-if-needed-3.1.0.tgz"
  integrity sha512-49oNpRjWRvnU8NyGVmUaYG4jtTkNonFZI86MmGRDqBphEK2EXT9gdEUoQPZhuBM8yWHxCWbobltqYO5M4XrUvQ==
  dependencies:
    compute-scroll-into-view "^3.0.2"

source-map-js@^1.2.1:
  version "1.2.1"
  resolved "https://registry.npmjs.org/source-map-js/-/source-map-js-1.2.1.tgz"
  integrity sha512-UXWMKhLOwVKb728IUtQPXxfYU+usdybtUrK/8uGE8CQMvrhOpwvzDBwj0QhSL7MQc7vIsISBG8VQ8+IDQxpfQA==

string-convert@^0.2.0:
  version "0.2.1"
  resolved "https://registry.npmjs.org/string-convert/-/string-convert-0.2.1.tgz"
  integrity sha512-u/1tdPl4yQnPBjnVrmdLo9gtuLvELKsAoRapekWggdiQNvvvum+jYF329d84NAa660KQw7pB2n36KrIKVoXa3A==

stylis@^4.3.3:
  version "4.3.4"
  resolved "https://registry.npmjs.org/stylis/-/stylis-4.3.4.tgz"
  integrity sha512-osIBl6BGUmSfDkyH2mB7EFvCJntXDrLhKjHTRj/rK6xLH0yuPrHULDRQzKokSOD4VoorhtKpfcfW1GAntu8now==

throttle-debounce@^5.0.0, throttle-debounce@^5.0.2:
  version "5.0.2"
  resolved "https://registry.npmjs.org/throttle-debounce/-/throttle-debounce-5.0.2.tgz"
  integrity sha512-B71/4oyj61iNH0KeCamLuE2rmKuTO5byTOSVwECM5FA7TiAiAW+UqTKZ9ERueC4qvgSttUhdmq1mXC3kJqGX7A==

toggle-selection@^1.0.6:
  version "1.0.6"
  resolved "https://registry.npmjs.org/toggle-selection/-/toggle-selection-1.0.6.tgz"
  integrity sha512-BiZS+C1OS8g/q2RRbJmy59xpyghNBqrr6k5L/uKBGRsTfxmu3ffiRnd8mlGPUVayg8pvfi5urfnu8TU7DVOkLQ==

typescript@^5.0.0:
  version "5.6.2"
  resolved "https://registry.npmjs.org/typescript/-/typescript-5.6.2.tgz"
  integrity sha512-NW8ByodCSNCwZeghjN3o+JX5OFH0Ojg6sadjEKY4huZ52TqbJTJnDo5+Tw98lSy63NZvi4n+ez5m2u5d4PkZyw==

undici-types@~5.26.4:
  version "5.26.5"
  resolved "https://registry.npmjs.org/undici-types/-/undici-types-5.26.5.tgz"
  integrity sha512-JlCMO+ehdEIKqlFxk6IfVoAUVmgz7cU7zD/h9XZ0qzeosSHmUJVOzSQvvYSYWXkFXC+IfLKSIffhv0sVZup6pA==

vite@^5.4.6:
  version "5.4.11"
  resolved "https://registry.npmjs.org/vite/-/vite-5.4.11.tgz"
  integrity sha512-c7jFQRklXua0mTzneGW9QVyxFjUgwcihC4bXEtujIo2ouWCe1Ajt/amn2PCxYnhYfd5k09JX3SB7OYWFKYqj8Q==
  dependencies:
    esbuild "^0.21.3"
    postcss "^8.4.43"
    rollup "^4.20.0"
  optionalDependencies:
    fsevents "~2.3.3"
